// !$*UTF8*$!
{
	archiveVersion = 1;
	classes = {
	};
	objectVersion = 50;
	objects = {

/* Begin PBXBuildFile section */
		4BDD98D82A439560007D0BE0 /* AppDelegate.swift in Sources */ = {isa = PBXBuildFile; fileRef = 4BDD98D72A439560007D0BE0 /* AppDelegate.swift */; };
		4BDD98DA2A439560007D0BE0 /* SceneDelegate.swift in Sources */ = {isa = PBXBuildFile; fileRef = 4BDD98D92A439560007D0BE0 /* SceneDelegate.swift */; };
		4BDD98DC2A439560007D0BE0 /* ViewController.swift in Sources */ = {isa = PBXBuildFile; fileRef = 4BDD98DB2A439560007D0BE0 /* ViewController.swift */; };
		4BDD98DF2A439560007D0BE0 /* Main.storyboard in Resources */ = {isa = PBXBuildFile; fileRef = 4BDD98DD2A439560007D0BE0 /* Main.storyboard */; };
		4BDD98E12A439561007D0BE0 /* Assets.xcassets in Resources */ = {isa = PBXBuildFile; fileRef = 4BDD98E02A439561007D0BE0 /* Assets.xcassets */; };
		4BDD98E42A439561007D0BE0 /* LaunchScreen.storyboard in Resources */ = {isa = PBXBuildFile; fileRef = 4BDD98E22A439561007D0BE0 /* LaunchScreen.storyboard */; };
		4BDD98EF2A439561007D0BE0 /* TwoButtonsTests.swift in Sources */ = {isa = PBXBuildFile; fileRef = 4BDD98EE2A439561007D0BE0 /* TwoButtonsTests.swift */; };
		4BDD98FA2A439561007D0BE0 /* TwoButtonsUITests.swift in Sources */ = {isa = PBXBuildFile; fileRef = 4BDD98F92A439561007D0BE0 /* TwoButtonsUITests.swift */; };
/* End PBXBuildFile section */

/* Begin PBXContainerItemProxy section */
		4BDD98EB2A439561007D0BE0 /* PBXContainerItemProxy */ = {
			isa = PBXContainerItemProxy;
			containerPortal = 4BDD98CC2A439560007D0BE0 /* Project object */;
			proxyType = 1;
			remoteGlobalIDString = 4BDD98D32A439560007D0BE0;
			remoteInfo = TwoButtons;
		};
		4BDD98F62A439561007D0BE0 /* PBXContainerItemProxy */ = {
			isa = PBXContainerItemProxy;
			containerPortal = 4BDD98CC2A439560007D0BE0 /* Project object */;
			proxyType = 1;
			remoteGlobalIDString = 4BDD98D32A439560007D0BE0;
			remoteInfo = TwoButtons;
		};
/* End PBXContainerItemProxy section */

/* Begin PBXFileReference section */
		4BDD98D42A439560007D0BE0 /* TwoButtons.app */ = {isa = PBXFileReference; explicitFileType = wrapper.application; includeInIndex = 0; path = TwoButtons.app; sourceTree = BUILT_PRODUCTS_DIR; };
		4BDD98D72A439560007D0BE0 /* AppDelegate.swift */ = {isa = PBXFileReference; lastKnownFileType = sourcecode.swift; path = AppDelegate.swift; sourceTree = "<group>"; };
		4BDD98D92A439560007D0BE0 /* SceneDelegate.swift */ = {isa = PBXFileReference; lastKnownFileType = sourcecode.swift; path = SceneDelegate.swift; sourceTree = "<group>"; };
		4BDD98DB2A439560007D0BE0 /* ViewController.swift */ = {isa = PBXFileReference; lastKnownFileType = sourcecode.swift; path = ViewController.swift; sourceTree = "<group>"; };
		4BDD98DE2A439560007D0BE0 /* Base */ = {isa = PBXFileReference; lastKnownFileType = file.storyboard; name = Base; path = Base.lproj/Main.storyboard; sourceTree = "<group>"; };
		4BDD98E02A439561007D0BE0 /* Assets.xcassets */ = {isa = PBXFileReference; lastKnownFileType = folder.assetcatalog; path = Assets.xcassets; sourceTree = "<group>"; };
		4BDD98E32A439561007D0BE0 /* Base */ = {isa = PBXFileReference; lastKnownFileType = file.storyboard; name = Base; path = Base.lproj/LaunchScreen.storyboard; sourceTree = "<group>"; };
		4BDD98E52A439561007D0BE0 /* Info.plist */ = {isa = PBXFileReference; lastKnownFileType = text.plist.xml; path = Info.plist; sourceTree = "<group>"; };
		4BDD98EA2A439561007D0BE0 /* TwoButtonsTests.xctest */ = {isa = PBXFileReference; explicitFileType = wrapper.cfbundle; includeInIndex = 0; path = TwoButtonsTests.xctest; sourceTree = BUILT_PRODUCTS_DIR; };
		4BDD98EE2A439561007D0BE0 /* TwoButtonsTests.swift */ = {isa = PBXFileReference; lastKnownFileType = sourcecode.swift; path = TwoButtonsTests.swift; sourceTree = "<group>"; };
		4BDD98F02A439561007D0BE0 /* Info.plist */ = {isa = PBXFileReference; lastKnownFileType = text.plist.xml; path = Info.plist; sourceTree = "<group>"; };
		4BDD98F52A439561007D0BE0 /* TwoButtonsUITests.xctest */ = {isa = PBXFileReference; explicitFileType = wrapper.cfbundle; includeInIndex = 0; path = TwoButtonsUITests.xctest; sourceTree = BUILT_PRODUCTS_DIR; };
		4BDD98F92A439561007D0BE0 /* TwoButtonsUITests.swift */ = {isa = PBXFileReference; lastKnownFileType = sourcecode.swift; path = TwoButtonsUITests.swift; sourceTree = "<group>"; };
		4BDD98FB2A439561007D0BE0 /* Info.plist */ = {isa = PBXFileReference; lastKnownFileType = text.plist.xml; path = Info.plist; sourceTree = "<group>"; };
/* End PBXFileReference section */

/* Begin PBXFrameworksBuildPhase section */
		4BDD98D12A439560007D0BE0 /* Frameworks */ = {
			isa = PBXFrameworksBuildPhase;
			buildActionMask = 2147483647;
			files = (
			);
			runOnlyForDeploymentPostprocessing = 0;
		};
		4BDD98E72A439561007D0BE0 /* Frameworks */ = {
			isa = PBXFrameworksBuildPhase;
			buildActionMask = 2147483647;
			files = (
			);
			runOnlyForDeploymentPostprocessing = 0;
		};
		4BDD98F22A439561007D0BE0 /* Frameworks */ = {
			isa = PBXFrameworksBuildPhase;
			buildActionMask = 2147483647;
			files = (
			);
			runOnlyForDeploymentPostprocessing = 0;
		};
/* End PBXFrameworksBuildPhase section */

/* Begin PBXGroup section */
		4BDD98CB2A439560007D0BE0 = {
			isa = PBXGroup;
			children = (
				4BDD98D62A439560007D0BE0 /* TwoButtons */,
				4BDD98ED2A439561007D0BE0 /* TwoButtonsTests */,
				4BDD98F82A439561007D0BE0 /* TwoButtonsUITests */,
				4BDD98D52A439560007D0BE0 /* Products */,
			);
			sourceTree = "<group>";
		};
		4BDD98D52A439560007D0BE0 /* Products */ = {
			isa = PBXGroup;
			children = (
				4BDD98D42A439560007D0BE0 /* TwoButtons.app */,
				4BDD98EA2A439561007D0BE0 /* TwoButtonsTests.xctest */,
				4BDD98F52A439561007D0BE0 /* TwoButtonsUITests.xctest */,
			);
			name = Products;
			sourceTree = "<group>";
		};
		4BDD98D62A439560007D0BE0 /* TwoButtons */ = {
			isa = PBXGroup;
			children = (
				4BDD98D72A439560007D0BE0 /* AppDelegate.swift */,
				4BDD98D92A439560007D0BE0 /* SceneDelegate.swift */,
				4BDD98DB2A439560007D0BE0 /* ViewController.swift */,
				4BDD98DD2A439560007D0BE0 /* Main.storyboard */,
				4BDD98E02A439561007D0BE0 /* Assets.xcassets */,
				4BDD98E22A439561007D0BE0 /* LaunchScreen.storyboard */,
				4BDD98E52A439561007D0BE0 /* Info.plist */,
			);
			path = TwoButtons;
			sourceTree = "<group>";
		};
		4BDD98ED2A439561007D0BE0 /* TwoButtonsTests */ = {
			isa = PBXGroup;
			children = (
				4BDD98EE2A439561007D0BE0 /* TwoButtonsTests.swift */,
				4BDD98F02A439561007D0BE0 /* Info.plist */,
			);
			path = TwoButtonsTests;
			sourceTree = "<group>";
		};
		4BDD98F82A439561007D0BE0 /* TwoButtonsUITests */ = {
			isa = PBXGroup;
			children = (
				4BDD98F92A439561007D0BE0 /* TwoButtonsUITests.swift */,
				4BDD98FB2A439561007D0BE0 /* Info.plist */,
			);
			path = TwoButtonsUITests;
			sourceTree = "<group>";
		};
/* End PBXGroup section */

/* Begin PBXNativeTarget section */
		4BDD98D32A439560007D0BE0 /* TwoButtons */ = {
			isa = PBXNativeTarget;
			buildConfigurationList = 4BDD98FE2A439561007D0BE0 /* Build configuration list for PBXNativeTarget "TwoButtons" */;
			buildPhases = (
				4BDD98D02A439560007D0BE0 /* Sources */,
				4BDD98D12A439560007D0BE0 /* Frameworks */,
				4BDD98D22A439560007D0BE0 /* Resources */,
			);
			buildRules = (
			);
			dependencies = (
			);
			name = TwoButtons;
			productName = TwoButtons;
			productReference = 4BDD98D42A439560007D0BE0 /* TwoButtons.app */;
			productType = "com.apple.product-type.application";
		};
		4BDD98E92A439561007D0BE0 /* TwoButtonsTests */ = {
			isa = PBXNativeTarget;
			buildConfigurationList = 4BDD99012A439561007D0BE0 /* Build configuration list for PBXNativeTarget "TwoButtonsTests" */;
			buildPhases = (
				4BDD98E62A439561007D0BE0 /* Sources */,
				4BDD98E72A439561007D0BE0 /* Frameworks */,
				4BDD98E82A439561007D0BE0 /* Resources */,
			);
			buildRules = (
			);
			dependencies = (
				4BDD98EC2A439561007D0BE0 /* PBXTargetDependency */,
			);
			name = TwoButtonsTests;
			productName = TwoButtonsTests;
			productReference = 4BDD98EA2A439561007D0BE0 /* TwoButtonsTests.xctest */;
			productType = "com.apple.product-type.bundle.unit-test";
		};
		4BDD98F42A439561007D0BE0 /* TwoButtonsUITests */ = {
			isa = PBXNativeTarget;
			buildConfigurationList = 4BDD99042A439561007D0BE0 /* Build configuration list for PBXNativeTarget "TwoButtonsUITests" */;
			buildPhases = (
				4BDD98F12A439561007D0BE0 /* Sources */,
				4BDD98F22A439561007D0BE0 /* Frameworks */,
				4BDD98F32A439561007D0BE0 /* Resources */,
			);
			buildRules = (
			);
			dependencies = (
				4BDD98F72A439561007D0BE0 /* PBXTargetDependency */,
			);
			name = TwoButtonsUITests;
			productName = TwoButtonsUITests;
			productReference = 4BDD98F52A439561007D0BE0 /* TwoButtonsUITests.xctest */;
			productType = "com.apple.product-type.bundle.ui-testing";
		};
/* End PBXNativeTarget section */

/* Begin PBXProject section */
		4BDD98CC2A439560007D0BE0 /* Project object */ = {
			isa = PBXProject;
			attributes = {
				LastSwiftUpdateCheck = 1130;
				LastUpgradeCheck = 1130;
				ORGANIZATIONNAME = "Ayoub Ait Belhaj";
				TargetAttributes = {
					4BDD98D32A439560007D0BE0 = {
						CreatedOnToolsVersion = 11.3.1;
					};
					4BDD98E92A439561007D0BE0 = {
						CreatedOnToolsVersion = 11.3.1;
						TestTargetID = 4BDD98D32A439560007D0BE0;
					};
					4BDD98F42A439561007D0BE0 = {
						CreatedOnToolsVersion = 11.3.1;
						TestTargetID = 4BDD98D32A439560007D0BE0;
					};
				};
			};
			buildConfigurationList = 4BDD98CF2A439560007D0BE0 /* Build configuration list for PBXProject "TwoButtons" */;
			compatibilityVersion = "Xcode 9.3";
			developmentRegion = en;
			hasScannedForEncodings = 0;
			knownRegions = (
				en,
				Base,
			);
			mainGroup = 4BDD98CB2A439560007D0BE0;
			productRefGroup = 4BDD98D52A439560007D0BE0 /* Products */;
			projectDirPath = "";
			projectRoot = "";
			targets = (
				4BDD98D32A439560007D0BE0 /* TwoButtons */,
				4BDD98E92A439561007D0BE0 /* TwoButtonsTests */,
				4BDD98F42A439561007D0BE0 /* TwoButtonsUITests */,
			);
		};
/* End PBXProject section */

/* Begin PBXResourcesBuildPhase section */
		4BDD98D22A439560007D0BE0 /* Resources */ = {
			isa = PBXResourcesBuildPhase;
			buildActionMask = 2147483647;
			files = (
				4BDD98E42A439561007D0BE0 /* LaunchScreen.storyboard in Resources */,
				4BDD98E12A439561007D0BE0 /* Assets.xcassets in Resources */,
				4BDD98DF2A439560007D0BE0 /* Main.storyboard in Resources */,
			);
			runOnlyForDeploymentPostprocessing = 0;
		};
		4BDD98E82A439561007D0BE0 /* Resources */ = {
			isa = PBXResourcesBuildPhase;
			buildActionMask = 2147483647;
			files = (
			);
			runOnlyForDeploymentPostprocessing = 0;
		};
		4BDD98F32A439561007D0BE0 /* Resources */ = {
			isa = PBXResourcesBuildPhase;
			buildActionMask = 2147483647;
			files = (
			);
			runOnlyForDeploymentPostprocessing = 0;
		};
/* End PBXResourcesBuildPhase section */

/* Begin PBXSourcesBuildPhase section */
		4BDD98D02A439560007D0BE0 /* Sources */ = {
			isa = PBXSourcesBuildPhase;
			buildActionMask = 2147483647;
			files = (
				4BDD98DC2A439560007D0BE0 /* ViewController.swift in Sources */,
				4BDD98D82A439560007D0BE0 /* AppDelegate.swift in Sources */,
				4BDD98DA2A439560007D0BE0 /* SceneDelegate.swift in Sources */,
			);
			runOnlyForDeploymentPostprocessing = 0;
		};
		4BDD98E62A439561007D0BE0 /* Sources */ = {
			isa = PBXSourcesBuildPhase;
			buildActionMask = 2147483647;
			files = (
				4BDD98EF2A439561007D0BE0 /* TwoButtonsTests.swift in Sources */,
			);
			runOnlyForDeploymentPostprocessing = 0;
		};
		4BDD98F12A439561007D0BE0 /* Sources */ = {
			isa = PBXSourcesBuildPhase;
			buildActionMask = 2147483647;
			files = (
				4BDD98FA2A439561007D0BE0 /* TwoButtonsUITests.swift in Sources */,
			);
			runOnlyForDeploymentPostprocessing = 0;
		};
/* End PBXSourcesBuildPhase section */

/* Begin PBXTargetDependency section */
		4BDD98EC2A439561007D0BE0 /* PBXTargetDependency */ = {
			isa = PBXTargetDependency;
			target = 4BDD98D32A439560007D0BE0 /* TwoButtons */;
			targetProxy = 4BDD98EB2A439561007D0BE0 /* PBXContainerItemProxy */;
		};
		4BDD98F72A439561007D0BE0 /* PBXTargetDependency */ = {
			isa = PBXTargetDependency;
			target = 4BDD98D32A439560007D0BE0 /* TwoButtons */;
			targetProxy = 4BDD98F62A439561007D0BE0 /* PBXContainerItemProxy */;
		};
/* End PBXTargetDependency section */

/* Begin PBXVariantGroup section */
		4BDD98DD2A439560007D0BE0 /* Main.storyboard */ = {
			isa = PBXVariantGroup;
			children = (
				4BDD98DE2A439560007D0BE0 /* Base */,
			);
			name = Main.storyboard;
			sourceTree = "<group>";
		};
		4BDD98E22A439561007D0BE0 /* LaunchScreen.storyboard */ = {
			isa = PBXVariantGroup;
			children = (
				4BDD98E32A439561007D0BE0 /* Base */,
			);
			name = LaunchScreen.storyboard;
			sourceTree = "<group>";
		};
/* End PBXVariantGroup section */

/* Begin XCBuildConfiguration section */
		4BDD98FC2A439561007D0BE0 /* Debug */ = {
			isa = XCBuildConfiguration;
			buildSettings = {
				ALWAYS_SEARCH_USER_PATHS = NO;
				CLANG_ANALYZER_NONNULL = YES;
				CLANG_ANALYZER_NUMBER_OBJECT_CONVERSION = YES_AGGRESSIVE;
				CLANG_CXX_LANGUAGE_STANDARD = "gnu++14";
				CLANG_CXX_LIBRARY = "libc++";
				CLANG_ENABLE_MODULES = YES;
				CLANG_ENABLE_OBJC_ARC = YES;
				CLANG_ENABLE_OBJC_WEAK = YES;
				CLANG_WARN_BLOCK_CAPTURE_AUTORELEASING = YES;
				CLANG_WARN_BOOL_CONVERSION = YES;
				CLANG_WARN_COMMA = YES;
				CLANG_WARN_CONSTANT_CONVERSION = YES;
				CLANG_WARN_DEPRECATED_OBJC_IMPLEMENTATIONS = YES;
				CLANG_WARN_DIRECT_OBJC_ISA_USAGE = YES_ERROR;
				CLANG_WARN_DOCUMENTATION_COMMENTS = YES;
				CLANG_WARN_EMPTY_BODY = YES;
				CLANG_WARN_ENUM_CONVERSION = YES;
				CLANG_WARN_INFINITE_RECURSION = YES;
				CLANG_WARN_INT_CONVERSION = YES;
				CLANG_WARN_NON_LITERAL_NULL_CONVERSION = YES;
				CLANG_WARN_OBJC_IMPLICIT_RETAIN_SELF = YES;
				CLANG_WARN_OBJC_LITERAL_CONVERSION = YES;
				CLANG_WARN_OBJC_ROOT_CLASS = YES_ERROR;
				CLANG_WARN_RANGE_LOOP_ANALYSIS = YES;
				CLANG_WARN_STRICT_PROTOTYPES = YES;
				CLANG_WARN_SUSPICIOUS_MOVE = YES;
				CLANG_WARN_UNGUARDED_AVAILABILITY = YES_AGGRESSIVE;
				CLANG_WARN_UNREACHABLE_CODE = YES;
				CLANG_WARN__DUPLICATE_METHOD_MATCH = YES;
				COPY_PHASE_STRIP = NO;
				DEBUG_INFORMATION_FORMAT = dwarf;
				ENABLE_STRICT_OBJC_MSGSEND = YES;
				ENABLE_TESTABILITY = YES;
				GCC_C_LANGUAGE_STANDARD = gnu11;
				GCC_DYNAMIC_NO_PIC = NO;
				GCC_NO_COMMON_BLOCKS = YES;
				GCC_OPTIMIZATION_LEVEL = 0;
				GCC_PREPROCESSOR_DEFINITIONS = (
					"DEBUG=1",
					"$(inherited)",
				);
				GCC_WARN_64_TO_32_BIT_CONVERSION = YES;
				GCC_WARN_ABOUT_RETURN_TYPE = YES_ERROR;
				GCC_WARN_UNDECLARED_SELECTOR = YES;
				GCC_WARN_UNINITIALIZED_AUTOS = YES_AGGRESSIVE;
				GCC_WARN_UNUSED_FUNCTION = YES;
				GCC_WARN_UNUSED_VARIABLE = YES;
				IPHONEOS_DEPLOYMENT_TARGET = 13.2;
				MTL_ENABLE_DEBUG_INFO = INCLUDE_SOURCE;
				MTL_FAST_MATH = YES;
				ONLY_ACTIVE_ARCH = YES;
				SDKROOT = iphoneos;
				SWIFT_ACTIVE_COMPILATION_CONDITIONS = DEBUG;
				SWIFT_OPTIMIZATION_LEVEL = "-Onone";
			};
			name = Debug;
		};
		4BDD98FD2A439561007D0BE0 /* Release */ = {
			isa = XCBuildConfiguration;
			buildSettings = {
				ALWAYS_SEARCH_USER_PATHS = NO;
				CLANG_ANALYZER_NONNULL = YES;
				CLANG_ANALYZER_NUMBER_OBJECT_CONVERSION = YES_AGGRESSIVE;
				CLANG_CXX_LANGUAGE_STANDARD = "gnu++14";
				CLANG_CXX_LIBRARY = "libc++";
				CLANG_ENABLE_MODULES = YES;
				CLANG_ENABLE_OBJC_ARC = YES;
				CLANG_ENABLE_OBJC_WEAK = YES;
				CLANG_WARN_BLOCK_CAPTURE_AUTORELEASING = YES;
				CLANG_WARN_BOOL_CONVERSION = YES;
				CLANG_WARN_COMMA = YES;
				CLANG_WARN_CONSTANT_CONVERSION = YES;
				CLANG_WARN_DEPRECATED_OBJC_IMPLEMENTATIONS = YES;
				CLANG_WARN_DIRECT_OBJC_ISA_USAGE = YES_ERROR;
				CLANG_WARN_DOCUMENTATION_COMMENTS = YES;
				CLANG_WARN_EMPTY_BODY = YES;
				CLANG_WARN_ENUM_CONVERSION = YES;
				CLANG_WARN_INFINITE_RECURSION = YES;
				CLANG_WARN_INT_CONVERSION = YES;
				CLANG_WARN_NON_LITERAL_NULL_CONVERSION = YES;
				CLANG_WARN_OBJC_IMPLICIT_RETAIN_SELF = YES;
				CLANG_WARN_OBJC_LITERAL_CONVERSION = YES;
				CLANG_WARN_OBJC_ROOT_CLASS = YES_ERROR;
				CLANG_WARN_RANGE_LOOP_ANALYSIS = YES;
				CLANG_WARN_STRICT_PROTOTYPES = YES;
				CLANG_WARN_SUSPICIOUS_MOVE = YES;
				CLANG_WARN_UNGUARDED_AVAILABILITY = YES_AGGRESSIVE;
				CLANG_WARN_UNREACHABLE_CODE = YES;
				CLANG_WARN__DUPLICATE_METHOD_MATCH = YES;
				COPY_PHASE_STRIP = NO;
				DEBUG_INFORMATION_FORMAT = "dwarf-with-dsym";
				ENABLE_NS_ASSERTIONS = NO;
				ENABLE_STRICT_OBJC_MSGSEND = YES;
				GCC_C_LANGUAGE_STANDARD = gnu11;
				GCC_NO_COMMON_BLOCKS = YES;
				GCC_WARN_64_TO_32_BIT_CONVERSION = YES;
				GCC_WARN_ABOUT_RETURN_TYPE = YES_ERROR;
				GCC_WARN_UNDECLARED_SELECTOR = YES;
				GCC_WARN_UNINITIALIZED_AUTOS = YES_AGGRESSIVE;
				GCC_WARN_UNUSED_FUNCTION = YES;
				GCC_WARN_UNUSED_VARIABLE = YES;
				IPHONEOS_DEPLOYMENT_TARGET = 13.2;
				MTL_ENABLE_DEBUG_INFO = NO;
				MTL_FAST_MATH = YES;
				SDKROOT = iphoneos;
				SWIFT_COMPILATION_MODE = wholemodule;
				SWIFT_OPTIMIZATION_LEVEL = "-O";
				VALIDATE_PRODUCT = YES;
			};
			name = Release;
		};
		4BDD98FF2A439561007D0BE0 /* Debug */ = {
			isa = XCBuildConfiguration;
			buildSettings = {
				ASSETCATALOG_COMPILER_APPICON_NAME = AppIcon;
				CODE_SIGN_STYLE = Automatic;
				INFOPLIST_FILE = TwoButtons/Info.plist;
				LD_RUNPATH_SEARCH_PATHS = (
					"$(inherited)",
					"@executable_path/Frameworks",
				);
				PRODUCT_BUNDLE_IDENTIFIER = casper.TwoButtons;
				PRODUCT_NAME = "$(TARGET_NAME)";
				SWIFT_VERSION = 5.0;
				TARGETED_DEVICE_FAMILY = "1,2";
			};
			name = Debug;
		};
		4BDD99002A439561007D0BE0 /* Release */ = {
			isa = XCBuildConfiguration;
			buildSettings = {
				ASSETCATALOG_COMPILER_APPICON_NAME = AppIcon;
				CODE_SIGN_STYLE = Automatic;
				INFOPLIST_FILE = TwoButtons/Info.plist;
				LD_RUNPATH_SEARCH_PATHS = (
					"$(inherited)",
					"@executable_path/Frameworks",
				);
				PRODUCT_BUNDLE_IDENTIFIER = casper.TwoButtons;
				PRODUCT_NAME = "$(TARGET_NAME)";
				SWIFT_VERSION = 5.0;
				TARGETED_DEVICE_FAMILY = "1,2";
			};
			name = Release;
		};
		4BDD99022A439561007D0BE0 /* Debug */ = {
			isa = XCBuildConfiguration;
			buildSettings = {
				ALWAYS_EMBED_SWIFT_STANDARD_LIBRARIES = YES;
				BUNDLE_LOADER = "$(TEST_HOST)";
				CODE_SIGN_STYLE = Automatic;
				INFOPLIST_FILE = TwoButtonsTests/Info.plist;
				IPHONEOS_DEPLOYMENT_TARGET = 13.2;
				LD_RUNPATH_SEARCH_PATHS = (
					"$(inherited)",
					"@executable_path/Frameworks",
					"@loader_path/Frameworks",
				);
				PRODUCT_BUNDLE_IDENTIFIER = casper.TwoButtonsTests;
				PRODUCT_NAME = "$(TARGET_NAME)";
				SWIFT_VERSION = 5.0;
				TARGETED_DEVICE_FAMILY = "1,2";
				TEST_HOST = "$(BUILT_PRODUCTS_DIR)/TwoButtons.app/TwoButtons";
			};
			name = Debug;
		};
		4BDD99032A439561007D0BE0 /* Release */ = {
			isa = XCBuildConfiguration;
			buildSettings = {
				ALWAYS_EMBED_SWIFT_STANDARD_LIBRARIES = YES;
				BUNDLE_LOADER = "$(TEST_HOST)";
				CODE_SIGN_STYLE = Automatic;
				INFOPLIST_FILE = TwoButtonsTests/Info.plist;
				IPHONEOS_DEPLOYMENT_TARGET = 13.2;
				LD_RUNPATH_SEARCH_PATHS = (
					"$(inherited)",
					"@executable_path/Frameworks",
					"@loader_path/Frameworks",
				);
				PRODUCT_BUNDLE_IDENTIFIER = casper.TwoButtonsTests;
				PRODUCT_NAME = "$(TARGET_NAME)";
				SWIFT_VERSION = 5.0;
				TARGETED_DEVICE_FAMILY = "1,2";
				TEST_HOST = "$(BUILT_PRODUCTS_DIR)/TwoButtons.app/TwoButtons";
			};
			name = Release;
		};
		4BDD99052A439561007D0BE0 /* Debug */ = {
			isa = XCBuildConfiguration;
			buildSettings = {
				ALWAYS_EMBED_SWIFT_STANDARD_LIBRARIES = YES;
				CODE_SIGN_STYLE = Automatic;
				INFOPLIST_FILE = TwoButtonsUITests/Info.plist;
				LD_RUNPATH_SEARCH_PATHS = (
					"$(inherited)",
					"@executable_path/Frameworks",
					"@loader_path/Frameworks",
				);
				PRODUCT_BUNDLE_IDENTIFIER = casper.TwoButtonsUITests;
				PRODUCT_NAME = "$(TARGET_NAME)";
				SWIFT_VERSION = 5.0;
				TARGETED_DEVICE_FAMILY = "1,2";
				TEST_TARGET_NAME = TwoButtons;
			};
			name = Debug;
		};
		4BDD99062A439561007D0BE0 /* Release */ = {
			isa = XCBuildConfiguration;
			buildSettings = {
				ALWAYS_EMBED_SWIFT_STANDARD_LIBRARIES = YES;
				CODE_SIGN_STYLE = Automatic;
				INFOPLIST_FILE = TwoButtonsUITests/Info.plist;
				LD_RUNPATH_SEARCH_PATHS = (
					"$(inherited)",
					"@executable_path/Frameworks",
					"@loader_path/Frameworks",
				);
				PRODUCT_BUNDLE_IDENTIFIER = casper.TwoButtonsUITests;
				PRODUCT_NAME = "$(TARGET_NAME)";
				SWIFT_VERSION = 5.0;
				TARGETED_DEVICE_FAMILY = "1,2";
				TEST_TARGET_NAME = TwoButtons;
			};
			name = Release;
		};
/* End XCBuildConfiguration section */

/* Begin XCConfigurationList section */
		4BDD98CF2A439560007D0BE0 /* Build configuration list for PBXProject "TwoButtons" */ = {
			isa = XCConfigurationList;
			buildConfigurations = (
				4BDD98FC2A439561007D0BE0 /* Debug */,
				4BDD98FD2A439561007D0BE0 /* Release */,
			);
			defaultConfigurationIsVisible = 0;
			defaultConfigurationName = Release;
		};
		4BDD98FE2A439561007D0BE0 /* Build configuration list for PBXNativeTarget "TwoButtons" */ = {
			isa = XCConfigurationList;
			buildConfigurations = (
				4BDD98FF2A439561007D0BE0 /* Debug */,
				4BDD99002A439561007D0BE0 /* Release */,
			);
			defaultConfigurationIsVisible = 0;
			defaultConfigurationName = Release;
		};
		4BDD99012A439561007D0BE0 /* Build configuration list for PBXNativeTarget "TwoButtonsTests" */ = {
			isa = XCConfigurationList;
			buildConfigurations = (
				4BDD99022A439561007D0BE0 /* Debug */,
				4BDD99032A439561007D0BE0 /* Release */,
			);
			defaultConfigurationIsVisible = 0;
			defaultConfigurationName = Release;
		};
		4BDD99042A439561007D0BE0 /* Build configuration list for PBXNativeTarget "TwoButtonsUITests" */ = {
			isa = XCConfigurationList;
			buildConfigurations = (
				4BDD99052A439561007D0BE0 /* Debug */,
				4BDD99062A439561007D0BE0 /* Release */,
			);
			defaultConfigurationIsVisible = 0;
			defaultConfigurationName = Release;
		};
/* End XCConfigurationList section */
	};
	rootObject = 4BDD98CC2A439560007D0BE0 /* Project object */;
}
